
Microsoft Visual Studio Solution File, Format Version 12.00
# Visual Studio Version 17
VisualStudioVersion = 17.0.31903.59
MinimumVisualStudioVersion = 10.0.40219.1
Project("{FAE04EC0-301F-11D3-BF4B-00C04F79EFBC}") = "VmmTrackerReceiver", "VmmTrackerReceiver\VmmTrackerReceiver.csproj", "{75684B3B-1067-49EF-81FD-16D5BFFDABA2}"
EndProject
Project("{FAE04EC0-301F-11D3-BF4B-00C04F79EFBC}") = "VmmTrackerCore", "VmmTrackerCore\VmmTrackerCore.csproj", "{8570562A-B07E-4FC9-B124-3AEA5619C4FD}"
EndProject
Project("{FAE04EC0-301F-11D3-BF4B-00C04F79EFBC}") = "VmmTrackerDataSender.Tests", "VmmTrackerDataSender.Tests\VmmTrackerDataSender.Tests.csproj", "{00C407B1-ED15-4158-BE95-AACED05EBDE9}"
EndProject
Project("{FAE04EC0-301F-11D3-BF4B-00C04F79EFBC}") = "VmmTrackerWebRtc", "VmmTrackerWebRtc\VmmTrackerWebRtc.csproj", "{A961CF30-199A-4DC3-9CC6-91FB48AD293A}"
EndProject
Project("{FAE04EC0-301F-11D3-BF4B-00C04F79EFBC}") = "VmmTrackerWpf", "VmmTrackerWpf\VmmTrackerWpf.csproj", "{D99C7F9E-DEDD-4DAC-B0AD-F6AAED4C9399}"
EndProject
Global
	GlobalSection(SolutionConfigurationPlatforms) = preSolution
		Debug|Any CPU = Debug|Any CPU
		Debug|x64 = Debug|x64
		Debug|x86 = Debug|x86
		Release|Any CPU = Release|Any CPU
		Release|x64 = Release|x64
		Release|x86 = Release|x86
	EndGlobalSection
	GlobalSection(ProjectConfigurationPlatforms) = postSolution
		{75684B3B-1067-49EF-81FD-16D5BFFDABA2}.Debug|Any CPU.ActiveCfg = Debug|Any CPU
		{75684B3B-1067-49EF-81FD-16D5BFFDABA2}.Debug|Any CPU.Build.0 = Debug|Any CPU
		{75684B3B-1067-49EF-81FD-16D5BFFDABA2}.Debug|x64.ActiveCfg = Debug|Any CPU
		{75684B3B-1067-49EF-81FD-16D5BFFDABA2}.Debug|x64.Build.0 = Debug|Any CPU
		{75684B3B-1067-49EF-81FD-16D5BFFDABA2}.Debug|x86.ActiveCfg = Debug|Any CPU
		{75684B3B-1067-49EF-81FD-16D5BFFDABA2}.Debug|x86.Build.0 = Debug|Any CPU
		{75684B3B-1067-49EF-81FD-16D5BFFDABA2}.Release|Any CPU.ActiveCfg = Release|Any CPU
		{75684B3B-1067-49EF-81FD-16D5BFFDABA2}.Release|Any CPU.Build.0 = Release|Any CPU
		{75684B3B-1067-49EF-81FD-16D5BFFDABA2}.Release|x64.ActiveCfg = Release|Any CPU
		{75684B3B-1067-49EF-81FD-16D5BFFDABA2}.Release|x64.Build.0 = Release|Any CPU
		{75684B3B-1067-49EF-81FD-16D5BFFDABA2}.Release|x86.ActiveCfg = Release|Any CPU
		{75684B3B-1067-49EF-81FD-16D5BFFDABA2}.Release|x86.Build.0 = Release|Any CPU
		{8570562A-B07E-4FC9-B124-3AEA5619C4FD}.Debug|Any CPU.ActiveCfg = Debug|Any CPU
		{8570562A-B07E-4FC9-B124-3AEA5619C4FD}.Debug|Any CPU.Build.0 = Debug|Any CPU
		{8570562A-B07E-4FC9-B124-3AEA5619C4FD}.Debug|x64.ActiveCfg = Debug|Any CPU
		{8570562A-B07E-4FC9-B124-3AEA5619C4FD}.Debug|x64.Build.0 = Debug|Any CPU
		{8570562A-B07E-4FC9-B124-3AEA5619C4FD}.Debug|x86.ActiveCfg = Debug|Any CPU
		{8570562A-B07E-4FC9-B124-3AEA5619C4FD}.Debug|x86.Build.0 = Debug|Any CPU
		{8570562A-B07E-4FC9-B124-3AEA5619C4FD}.Release|Any CPU.ActiveCfg = Release|Any CPU
		{8570562A-B07E-4FC9-B124-3AEA5619C4FD}.Release|Any CPU.Build.0 = Release|Any CPU
		{8570562A-B07E-4FC9-B124-3AEA5619C4FD}.Release|x64.ActiveCfg = Release|Any CPU
		{8570562A-B07E-4FC9-B124-3AEA5619C4FD}.Release|x64.Build.0 = Release|Any CPU
		{8570562A-B07E-4FC9-B124-3AEA5619C4FD}.Release|x86.ActiveCfg = Release|Any CPU
		{8570562A-B07E-4FC9-B124-3AEA5619C4FD}.Release|x86.Build.0 = Release|Any CPU
		{00C407B1-ED15-4158-BE95-AACED05EBDE9}.Debug|Any CPU.ActiveCfg = Debug|Any CPU
		{00C407B1-ED15-4158-BE95-AACED05EBDE9}.Debug|Any CPU.Build.0 = Debug|Any CPU
		{00C407B1-ED15-4158-BE95-AACED05EBDE9}.Debug|x64.ActiveCfg = Debug|Any CPU
		{00C407B1-ED15-4158-BE95-AACED05EBDE9}.Debug|x64.Build.0 = Debug|Any CPU
		{00C407B1-ED15-4158-BE95-AACED05EBDE9}.Debug|x86.ActiveCfg = Debug|Any CPU
		{00C407B1-ED15-4158-BE95-AACED05EBDE9}.Debug|x86.Build.0 = Debug|Any CPU
		{00C407B1-ED15-4158-BE95-AACED05EBDE9}.Release|Any CPU.ActiveCfg = Release|Any CPU
		{00C407B1-ED15-4158-BE95-AACED05EBDE9}.Release|Any CPU.Build.0 = Release|Any CPU
		{00C407B1-ED15-4158-BE95-AACED05EBDE9}.Release|x64.ActiveCfg = Release|Any CPU
		{00C407B1-ED15-4158-BE95-AACED05EBDE9}.Release|x64.Build.0 = Release|Any CPU
		{00C407B1-ED15-4158-BE95-AACED05EBDE9}.Release|x86.ActiveCfg = Release|Any CPU
		{00C407B1-ED15-4158-BE95-AACED05EBDE9}.Release|x86.Build.0 = Release|Any CPU
		{A961CF30-199A-4DC3-9CC6-91FB48AD293A}.Debug|Any CPU.ActiveCfg = Debug|Any CPU
		{A961CF30-199A-4DC3-9CC6-91FB48AD293A}.Debug|Any CPU.Build.0 = Debug|Any CPU
		{A961CF30-199A-4DC3-9CC6-91FB48AD293A}.Debug|x64.ActiveCfg = Debug|Any CPU
		{A961CF30-199A-4DC3-9CC6-91FB48AD293A}.Debug|x64.Build.0 = Debug|Any CPU
		{A961CF30-199A-4DC3-9CC6-91FB48AD293A}.Debug|x86.ActiveCfg = Debug|Any CPU
		{A961CF30-199A-4DC3-9CC6-91FB48AD293A}.Debug|x86.Build.0 = Debug|Any CPU
		{A961CF30-199A-4DC3-9CC6-91FB48AD293A}.Release|Any CPU.ActiveCfg = Release|Any CPU
		{A961CF30-199A-4DC3-9CC6-91FB48AD293A}.Release|Any CPU.Build.0 = Release|Any CPU
		{A961CF30-199A-4DC3-9CC6-91FB48AD293A}.Release|x64.ActiveCfg = Release|Any CPU
		{A961CF30-199A-4DC3-9CC6-91FB48AD293A}.Release|x64.Build.0 = Release|Any CPU
		{A961CF30-199A-4DC3-9CC6-91FB48AD293A}.Release|x86.ActiveCfg = Release|Any CPU
		{A961CF30-199A-4DC3-9CC6-91FB48AD293A}.Release|x86.Build.0 = Release|Any CPU
		{D99C7F9E-DEDD-4DAC-B0AD-F6AAED4C9399}.Debug|Any CPU.ActiveCfg = Debug|Any CPU
		{D99C7F9E-DEDD-4DAC-B0AD-F6AAED4C9399}.Debug|Any CPU.Build.0 = Debug|Any CPU
		{D99C7F9E-DEDD-4DAC-B0AD-F6AAED4C9399}.Debug|x64.ActiveCfg = Debug|Any CPU
		{D99C7F9E-DEDD-4DAC-B0AD-F6AAED4C9399}.Debug|x64.Build.0 = Debug|Any CPU
		{D99C7F9E-DEDD-4DAC-B0AD-F6AAED4C9399}.Debug|x86.ActiveCfg = Debug|Any CPU
		{D99C7F9E-DEDD-4DAC-B0AD-F6AAED4C9399}.Debug|x86.Build.0 = Debug|Any CPU
		{D99C7F9E-DEDD-4DAC-B0AD-F6AAED4C9399}.Release|Any CPU.ActiveCfg = Release|Any CPU
		{D99C7F9E-DEDD-4DAC-B0AD-F6AAED4C9399}.Release|Any CPU.Build.0 = Release|Any CPU
		{D99C7F9E-DEDD-4DAC-B0AD-F6AAED4C9399}.Release|x64.ActiveCfg = Release|Any CPU
		{D99C7F9E-DEDD-4DAC-B0AD-F6AAED4C9399}.Release|x64.Build.0 = Release|Any CPU
		{D99C7F9E-DEDD-4DAC-B0AD-F6AAED4C9399}.Release|x86.ActiveCfg = Release|Any CPU
		{D99C7F9E-DEDD-4DAC-B0AD-F6AAED4C9399}.Release|x86.Build.0 = Release|Any CPU
	EndGlobalSection
	GlobalSection(SolutionProperties) = preSolution
		HideSolutionNode = FALSE
	EndGlobalSection
EndGlobal
